
Microsoft Visual Studio Solution File, Format Version 12.00
# Visual Studio Version 16
VisualStudioVersion = 16.0.810.19
MinimumVisualStudioVersion = 10.0.40219.1
Project("{FAE04EC0-301F-11D3-BF4B-00C04F79EFBC}") = "VeriffDemo", "VeriffDemo\VeriffDemo.csproj", "{0157B2C6-A7F4-420D-AEAE-9B922D8441F6}"
EndProject
Global
	GlobalSection(SolutionConfigurationPlatforms) = preSolution
		Debug|Any CPU = Debug|Any CPU
		Release|Any CPU = Release|Any CPU
	EndGlobalSection
	GlobalSection(ProjectConfigurationPlatforms) = postSolution
		{0157B2C6-A7F4-420D-AEAE-9B922D8441F6}.Debug|Any CPU.ActiveCfg = Debug|Any CPU
		{0157B2C6-A7F4-420D-AEAE-9B922D8441F6}.Debug|Any CPU.Build.0 = Debug|Any CPU
		{0157B2C6-A7F4-420D-AEAE-9B922D8441F6}.Release|Any CPU.ActiveCfg = Release|Any CPU
		{0157B2C6-A7F4-420D-AEAE-9B922D8441F6}.Release|Any CPU.Build.0 = Release|Any CPU
	EndGlobalSection
	GlobalSection(SolutionProperties) = preSolution
		HideSolutionNode = FALSE
	EndGlobalSection
	GlobalSection(ExtensibilityGlobals) = postSolution
		SolutionGuid = {976E9F3A-0914-4780-8B81-390500D3B9CF}
	EndGlobalSection
EndGlobal
